PODS:
  - Alamofire (4.9.1)
  - Kingfisher (4.10.1)
  - SwiftHash (2.0.2)

DEPENDENCIES:
  - Alamofire (~> 4.5)
  - Kingfisher (~> 4.0)
  - SwiftHash

SPEC REPOS:
  trunk:
    - Alamofire
    - Kingfisher
    - SwiftHash

SPEC CHECKSUMS:
  Alamofire: 85e8a02c69d6020a0d734f6054870d7ecb75cf18
  Kingfisher: c148cd7b47ebde9989f6bc7c27dcaa79d81279a0
  SwiftHash: 6d312abe61c8359bdef8d0093642f3a70b1c17ba

PODFILE CHECKSUM: cb636a56b4469c17a9b1ceb27e4e757f9d3951f4

COCOAPODS: 1.11.3
